
Microsoft Visual Studio Solution File, Format Version 12.00
# Visual Studio Version 16
VisualStudioVersion = 16.0.32602.291
MinimumVisualStudioVersion = 10.0.40219.1
Project("{FAE04EC0-301F-11D3-BF4B-00C04F79EFBC}") = "interno", "interno.csproj", "{15D723DD-6017-47F6-8ED0-3AB172800B14}"
EndProject
Global
	GlobalSection(SolutionConfigurationPlatforms) = preSolution
		Debug|Any CPU = Debug|Any CPU
		Release|Any CPU = Release|Any CPU
	EndGlobalSection
	GlobalSection(ProjectConfigurationPlatforms) = postSolution
		{15D723DD-6017-47F6-8ED0-3AB172800B14}.Debug|Any CPU.ActiveCfg = Debug|Any CPU
		{15D723DD-6017-47F6-8ED0-3AB172800B14}.Debug|Any CPU.Build.0 = Debug|Any CPU
		{15D723DD-6017-47F6-8ED0-3AB172800B14}.Release|Any CPU.ActiveCfg = Release|Any CPU
		{15D723DD-6017-47F6-8ED0-3AB172800B14}.Release|Any CPU.Build.0 = Release|Any CPU
	EndGlobalSection
	GlobalSection(SolutionProperties) = preSolution
		HideSolutionNode = FALSE
	EndGlobalSection
	GlobalSection(ExtensibilityGlobals) = postSolution
		SolutionGuid = {3A50D936-8DC1-403D-B99D-1B18A6405132}
	EndGlobalSection
EndGlobal
